// !$*UTF8*$!
{
	archiveVersion = 1;
	classes = {
	};
	objectVersion = 46;
	objects = {

/* Begin PBXBuildFile section */
		016118F817B9AA620051CDE3 /* RandomLunchDB.db in Resources */ = {isa = PBXBuildFile; fileRef = 016118F717B9AA620051CDE3 /* RandomLunchDB.db */; };
		016118FB17B9AC320051CDE3 /* RestaurantData.m in Sources */ = {isa = PBXBuildFile; fileRef = 016118FA17B9AC320051CDE3 /* RestaurantData.m */; };
		0181E8B417C37DC5004932CC /* DataManager.m in Sources */ = {isa = PBXBuildFile; fileRef = 0181E8B317C37DC5004932CC /* DataManager.m */; };
		01CBAB6317B85E17002FC770 /* libsqlite3.dylib in Frameworks */ = {isa = PBXBuildFile; fileRef = 01CBAB6217B85E17002FC770 /* libsqlite3.dylib */; };
		575E668517B46194008990C3 /* UIKit.framework in Frameworks */ = {isa = PBXBuildFile; fileRef = 575E668417B46194008990C3 /* UIKit.framework */; };
		575E668717B46194008990C3 /* Foundation.framework in Frameworks */ = {isa = PBXBuildFile; fileRef = 575E668617B46194008990C3 /* Foundation.framework */; };
		575E668917B46194008990C3 /* CoreGraphics.framework in Frameworks */ = {isa = PBXBuildFile; fileRef = 575E668817B46194008990C3 /* CoreGraphics.framework */; };
		575E668F17B46194008990C3 /* InfoPlist.strings in Resources */ = {isa = PBXBuildFile; fileRef = 575E668D17B46194008990C3 /* InfoPlist.strings */; };
		575E669117B46194008990C3 /* main.m in Sources */ = {isa = PBXBuildFile; fileRef = 575E669017B46194008990C3 /* main.m */; };
		575E669517B46194008990C3 /* AppDelegate.m in Sources */ = {isa = PBXBuildFile; fileRef = 575E669417B46194008990C3 /* AppDelegate.m */; };
		575E669717B46194008990C3 /* Default.png in Resources */ = {isa = PBXBuildFile; fileRef = 575E669617B46194008990C3 /* Default.png */; };
		575E669917B46194008990C3 /* Default@2x.png in Resources */ = {isa = PBXBuildFile; fileRef = 575E669817B46194008990C3 /* Default@2x.png */; };
		575E669B17B46194008990C3 /* Default-568h@2x.png in Resources */ = {isa = PBXBuildFile; fileRef = 575E669A17B46194008990C3 /* Default-568h@2x.png */; };
		F80623EF17CB425C007D212D /* icon2.png in Resources */ = {isa = PBXBuildFile; fileRef = F80623EE17CB425C007D212D /* icon2.png */; };
		F80623F117CB42C9007D212D /* icon.png in Resources */ = {isa = PBXBuildFile; fileRef = F80623F017CB42C9007D212D /* icon.png */; };
		F80623F317CB4726007D212D /* MapKit.framework in Frameworks */ = {isa = PBXBuildFile; fileRef = F80623F217CB4726007D212D /* MapKit.framework */; };
		F80623F517CB4735007D212D /* CoreLocation.framework in Frameworks */ = {isa = PBXBuildFile; fileRef = F80623F417CB4735007D212D /* CoreLocation.framework */; };
		F80623F817CB488E007D212D /* MapViewController.m in Sources */ = {isa = PBXBuildFile; fileRef = F80623F717CB488E007D212D /* MapViewController.m */; };
		F807C3FE17C2102A00CCE430 /* DetailViewController.m in Sources */ = {isa = PBXBuildFile; fileRef = F807C3FD17C2102A00CCE430 /* DetailViewController.m */; };
		F850482F17B85CC7007CD078 /* RandomLunchStroryBoard.storyboard in Resources */ = {isa = PBXBuildFile; fileRef = F850482E17B85CC7007CD078 /* RandomLunchStroryBoard.storyboard */; };
		F8572A3E17B85F1900CE4602 /* RootTableViewController.m in Sources */ = {isa = PBXBuildFile; fileRef = F8572A3D17B85F1900CE4602 /* RootTableViewController.m */; };
/* End PBXBuildFile section */

/* Begin PBXFileReference section */
		016118F717B9AA620051CDE3 /* RandomLunchDB.db */ = {isa = PBXFileReference; lastKnownFileType = file; path = RandomLunchDB.db; sourceTree = SOURCE_ROOT; };
		016118F917B9AC320051CDE3 /* RestaurantData.h */ = {isa = PBXFileReference; fileEncoding = 4; lastKnownFileType = sourcecode.c.h; path = RestaurantData.h; sourceTree = "<group>"; };
		016118FA17B9AC320051CDE3 /* RestaurantData.m */ = {isa = PBXFileReference; fileEncoding = 4; lastKnownFileType = sourcecode.c.objc; path = RestaurantData.m; sourceTree = "<group>"; };
		0181E8B217C37DC5004932CC /* DataManager.h */ = {isa = PBXFileReference; fileEncoding = 4; lastKnownFileType = sourcecode.c.h; path = DataManager.h; sourceTree = "<group>"; };
		0181E8B317C37DC5004932CC /* DataManager.m */ = {isa = PBXFileReference; fileEncoding = 4; lastKnownFileType = sourcecode.c.objc; path = DataManager.m; sourceTree = "<group>"; };
		01CBAB6217B85E17002FC770 /* libsqlite3.dylib */ = {isa = PBXFileReference; lastKnownFileType = "compiled.mach-o.dylib"; name = libsqlite3.dylib; path = usr/lib/libsqlite3.dylib; sourceTree = SDKROOT; };
		575E668117B46194008990C3 /* RandomLunch.app */ = {isa = PBXFileReference; explicitFileType = wrapper.application; includeInIndex = 0; path = RandomLunch.app; sourceTree = BUILT_PRODUCTS_DIR; };
		575E668417B46194008990C3 /* UIKit.framework */ = {isa = PBXFileReference; lastKnownFileType = wrapper.framework; name = UIKit.framework; path = System/Library/Frameworks/UIKit.framework; sourceTree = SDKROOT; };
		575E668617B46194008990C3 /* Foundation.framework */ = {isa = PBXFileReference; lastKnownFileType = wrapper.framework; name = Foundation.framework; path = System/Library/Frameworks/Foundation.framework; sourceTree = SDKROOT; };
		575E668817B46194008990C3 /* CoreGraphics.framework */ = {isa = PBXFileReference; lastKnownFileType = wrapper.framework; name = CoreGraphics.framework; path = System/Library/Frameworks/CoreGraphics.framework; sourceTree = SDKROOT; };
		575E668C17B46194008990C3 /* RandomLunch-Info.plist */ = {isa = PBXFileReference; lastKnownFileType = text.plist.xml; path = "RandomLunch-Info.plist"; sourceTree = "<group>"; };
		575E668E17B46194008990C3 /* en */ = {isa = PBXFileReference; lastKnownFileType = text.plist.strings; name = en; path = en.lproj/InfoPlist.strings; sourceTree = "<group>"; };
		575E669017B46194008990C3 /* main.m */ = {isa = PBXFileReference; lastKnownFileType = sourcecode.c.objc; path = main.m; sourceTree = "<group>"; };
		575E669217B46194008990C3 /* RandomLunch-Prefix.pch */ = {isa = PBXFileReference; lastKnownFileType = sourcecode.c.h; path = "RandomLunch-Prefix.pch"; sourceTree = "<group>"; };
		575E669317B46194008990C3 /* AppDelegate.h */ = {isa = PBXFileReference; lastKnownFileType = sourcecode.c.h; path = AppDelegate.h; sourceTree = "<group>"; };
		575E669417B46194008990C3 /* AppDelegate.m */ = {isa = PBXFileReference; lastKnownFileType = sourcecode.c.objc; path = AppDelegate.m; sourceTree = "<group>"; };
		575E669617B46194008990C3 /* Default.png */ = {isa = PBXFileReference; lastKnownFileType = image.png; path = Default.png; sourceTree = "<group>"; };
		575E669817B46194008990C3 /* Default@2x.png */ = {isa = PBXFileReference; lastKnownFileType = image.png; path = "Default@2x.png"; sourceTree = "<group>"; };
		575E669A17B46194008990C3 /* Default-568h@2x.png */ = {isa = PBXFileReference; lastKnownFileType = image.png; path = "Default-568h@2x.png"; sourceTree = "<group>"; };
		F80623EE17CB425C007D212D /* icon2.png */ = {isa = PBXFileReference; lastKnownFileType = image.png; path = icon2.png; sourceTree = "<group>"; };
		F80623F017CB42C9007D212D /* icon.png */ = {isa = PBXFileReference; lastKnownFileType = image.png; path = icon.png; sourceTree = "<group>"; };
		F80623F217CB4726007D212D /* MapKit.framework */ = {isa = PBXFileReference; lastKnownFileType = wrapper.framework; name = MapKit.framework; path = System/Library/Frameworks/MapKit.framework; sourceTree = SDKROOT; };
		F80623F417CB4735007D212D /* CoreLocation.framework */ = {isa = PBXFileReference; lastKnownFileType = wrapper.framework; name = CoreLocation.framework; path = System/Library/Frameworks/CoreLocation.framework; sourceTree = SDKROOT; };
		F80623F617CB488E007D212D /* MapViewController.h */ = {isa = PBXFileReference; fileEncoding = 4; lastKnownFileType = sourcecode.c.h; path = MapViewController.h; sourceTree = "<group>"; };
		F80623F717CB488E007D212D /* MapViewController.m */ = {isa = PBXFileReference; fileEncoding = 4; lastKnownFileType = sourcecode.c.objc; path = MapViewController.m; sourceTree = "<group>"; };
		F807C3FC17C2102A00CCE430 /* DetailViewController.h */ = {isa = PBXFileReference; fileEncoding = 4; lastKnownFileType = sourcecode.c.h; path = DetailViewController.h; sourceTree = "<group>"; };
		F807C3FD17C2102A00CCE430 /* DetailViewController.m */ = {isa = PBXFileReference; fileEncoding = 4; lastKnownFileType = sourcecode.c.objc; path = DetailViewController.m; sourceTree = "<group>"; };
		F850482E17B85CC7007CD078 /* RandomLunchStroryBoard.storyboard */ = {isa = PBXFileReference; fileEncoding = 4; lastKnownFileType = file.storyboard; path = RandomLunchStroryBoard.storyboard; sourceTree = "<group>"; };
		F8572A3C17B85F1900CE4602 /* RootTableViewController.h */ = {isa = PBXFileReference; fileEncoding = 4; lastKnownFileType = sourcecode.c.h; path = RootTableViewController.h; sourceTree = "<group>"; };
		F8572A3D17B85F1900CE4602 /* RootTableViewController.m */ = {isa = PBXFileReference; fileEncoding = 4; lastKnownFileType = sourcecode.c.objc; path = RootTableViewController.m; sourceTree = "<group>"; };
/* End PBXFileReference section */

/* Begin PBXFrameworksBuildPhase section */
		575E667E17B46194008990C3 /* Frameworks */ = {
			isa = PBXFrameworksBuildPhase;
			buildActionMask = 2147483647;
			files = (
				F80623F517CB4735007D212D /* CoreLocation.framework in Frameworks */,
				F80623F317CB4726007D212D /* MapKit.framework in Frameworks */,
				01CBAB6317B85E17002FC770 /* libsqlite3.dylib in Frameworks */,
				575E668517B46194008990C3 /* UIKit.framework in Frameworks */,
				575E668717B46194008990C3 /* Foundation.framework in Frameworks */,
				575E668917B46194008990C3 /* CoreGraphics.framework in Frameworks */,
			);
			runOnlyForDeploymentPostprocessing = 0;
		};
/* End PBXFrameworksBuildPhase section */

/* Begin PBXGroup section */
		016118FC17B9AC520051CDE3 /* RestaurantData */ = {
			isa = PBXGroup;
			children = (
				016118F917B9AC320051CDE3 /* RestaurantData.h */,
				016118FA17B9AC320051CDE3 /* RestaurantData.m */,
			);
			name = RestaurantData;
			sourceTree = "<group>";
		};
		575E667817B46194008990C3 = {
			isa = PBXGroup;
			children = (
				F80623F417CB4735007D212D /* CoreLocation.framework */,
				F80623F217CB4726007D212D /* MapKit.framework */,
				F80623F017CB42C9007D212D /* icon.png */,
				F80623EE17CB425C007D212D /* icon2.png */,
				575E668A17B46194008990C3 /* RandomLunch */,
				575E668317B46194008990C3 /* Frameworks */,
				575E668217B46194008990C3 /* Products */,
			);
			sourceTree = "<group>";
		};
		575E668217B46194008990C3 /* Products */ = {
			isa = PBXGroup;
			children = (
				575E668117B46194008990C3 /* RandomLunch.app */,
			);
			name = Products;
			sourceTree = "<group>";
		};
		575E668317B46194008990C3 /* Frameworks */ = {
			isa = PBXGroup;
			children = (
				01CBAB6217B85E17002FC770 /* libsqlite3.dylib */,
				575E668417B46194008990C3 /* UIKit.framework */,
				575E668617B46194008990C3 /* Foundation.framework */,
				575E668817B46194008990C3 /* CoreGraphics.framework */,
			);
			name = Frameworks;
			sourceTree = "<group>";
		};
		575E668A17B46194008990C3 /* RandomLunch */ = {
			isa = PBXGroup;
			children = (
				0181E8B217C37DC5004932CC /* DataManager.h */,
				0181E8B317C37DC5004932CC /* DataManager.m */,
				575E669317B46194008990C3 /* AppDelegate.h */,
				575E669417B46194008990C3 /* AppDelegate.m */,
				575E668B17B46194008990C3 /* Supporting Files */,
				F850482E17B85CC7007CD078 /* RandomLunchStroryBoard.storyboard */,
				F8572A3C17B85F1900CE4602 /* RootTableViewController.h */,
				F8572A3D17B85F1900CE4602 /* RootTableViewController.m */,
				F80D441517C2DBCA0063D5EF /* View */,
				016118FC17B9AC520051CDE3 /* RestaurantData */,
			);
			path = RandomLunch;
			sourceTree = "<group>";
		};
		575E668B17B46194008990C3 /* Supporting Files */ = {
			isa = PBXGroup;
			children = (
				016118F717B9AA620051CDE3 /* RandomLunchDB.db */,
				575E668C17B46194008990C3 /* RandomLunch-Info.plist */,
				575E668D17B46194008990C3 /* InfoPlist.strings */,
				575E669017B46194008990C3 /* main.m */,
				575E669217B46194008990C3 /* RandomLunch-Prefix.pch */,
				575E669617B46194008990C3 /* Default.png */,
				575E669817B46194008990C3 /* Default@2x.png */,
				575E669A17B46194008990C3 /* Default-568h@2x.png */,
			);
			name = "Supporting Files";
			sourceTree = "<group>";
		};
		F80D441517C2DBCA0063D5EF /* View */ = {
			isa = PBXGroup;
			children = (
				F807C3FC17C2102A00CCE430 /* DetailViewController.h */,
				F807C3FD17C2102A00CCE430 /* DetailViewController.m */,
				F80623F617CB488E007D212D /* MapViewController.h */,
				F80623F717CB488E007D212D /* MapViewController.m */,
			);
			name = View;
			sourceTree = "<group>";
		};
/* End PBXGroup section */

/* Begin PBXNativeTarget section */
		575E668017B46194008990C3 /* RandomLunch */ = {
			isa = PBXNativeTarget;
			buildConfigurationList = 575E669E17B46194008990C3 /* Build configuration list for PBXNativeTarget "RandomLunch" */;
			buildPhases = (
				575E667D17B46194008990C3 /* Sources */,
				575E667E17B46194008990C3 /* Frameworks */,
				575E667F17B46194008990C3 /* Resources */,
			);
			buildRules = (
			);
			dependencies = (
			);
			name = RandomLunch;
			productName = RandomLunch;
			productReference = 575E668117B46194008990C3 /* RandomLunch.app */;
			productType = "com.apple.product-type.application";
		};
/* End PBXNativeTarget section */

/* Begin PBXProject section */
		575E667917B46194008990C3 /* Project object */ = {
			isa = PBXProject;
			attributes = {
				LastUpgradeCheck = 0460;
				ORGANIZATIONNAME = Heaven;
			};
			buildConfigurationList = 575E667C17B46194008990C3 /* Build configuration list for PBXProject "RandomLunch" */;
			compatibilityVersion = "Xcode 3.2";
			developmentRegion = English;
			hasScannedForEncodings = 0;
			knownRegions = (
				en,
			);
			mainGroup = 575E667817B46194008990C3;
			productRefGroup = 575E668217B46194008990C3 /* Products */;
			projectDirPath = "";
			projectRoot = "";
			targets = (
				575E668017B46194008990C3 /* RandomLunch */,
			);
		};
/* End PBXProject section */

/* Begin PBXResourcesBuildPhase section */
		575E667F17B46194008990C3 /* Resources */ = {
			isa = PBXResourcesBuildPhase;
			buildActionMask = 2147483647;
			files = (
				575E668F17B46194008990C3 /* InfoPlist.strings in Resources */,
				575E669717B46194008990C3 /* Default.png in Resources */,
				575E669917B46194008990C3 /* Default@2x.png in Resources */,
				575E669B17B46194008990C3 /* Default-568h@2x.png in Resources */,
				F850482F17B85CC7007CD078 /* RandomLunchStroryBoard.storyboard in Resources */,
				016118F817B9AA620051CDE3 /* RandomLunchDB.db in Resources */,
				F80623EF17CB425C007D212D /* icon2.png in Resources */,
				F80623F117CB42C9007D212D /* icon.png in Resources */,
			);
			runOnlyForDeploymentPostprocessing = 0;
		};
/* End PBXResourcesBuildPhase section */

/* Begin PBXSourcesBuildPhase section */
		575E667D17B46194008990C3 /* Sources */ = {
			isa = PBXSourcesBuildPhase;
			buildActionMask = 2147483647;
			files = (
				575E669117B46194008990C3 /* main.m in Sources */,
				575E669517B46194008990C3 /* AppDelegate.m in Sources */,
				F8572A3E17B85F1900CE4602 /* RootTableViewController.m in Sources */,
				016118FB17B9AC320051CDE3 /* RestaurantData.m in Sources */,
				F807C3FE17C2102A00CCE430 /* DetailViewController.m in Sources */,
				0181E8B417C37DC5004932CC /* DataManager.m in Sources */,
				F80623F817CB488E007D212D /* MapViewController.m in Sources */,
			);
			runOnlyForDeploymentPostprocessing = 0;
		};
/* End PBXSourcesBuildPhase section */

/* Begin PBXVariantGroup section */
		575E668D17B46194008990C3 /* InfoPlist.strings */ = {
			isa = PBXVariantGroup;
			children = (
				575E668E17B46194008990C3 /* en */,
			);
			name = InfoPlist.strings;
			sourceTree = "<group>";
		};
/* End PBXVariantGroup section */

/* Begin XCBuildConfiguration section */
		575E669C17B46194008990C3 /* Debug */ = {
			isa = XCBuildConfiguration;
			buildSettings = {
				ALWAYS_SEARCH_USER_PATHS = NO;
				CLANG_CXX_LANGUAGE_STANDARD = "gnu++0x";
				CLANG_CXX_LIBRARY = "libc++";
				CLANG_ENABLE_OBJC_ARC = YES;
				CLANG_WARN_CONSTANT_CONVERSION = YES;
				CLANG_WARN_EMPTY_BODY = YES;
				CLANG_WARN_ENUM_CONVERSION = YES;
				CLANG_WARN_INT_CONVERSION = YES;
				CLANG_WARN__DUPLICATE_METHOD_MATCH = YES;
				"CODE_SIGN_IDENTITY[sdk=iphoneos*]" = "iPhone Developer";
				COPY_PHASE_STRIP = NO;
				GCC_C_LANGUAGE_STANDARD = gnu99;
				GCC_DYNAMIC_NO_PIC = NO;
				GCC_OPTIMIZATION_LEVEL = 0;
				GCC_PREPROCESSOR_DEFINITIONS = (
					"DEBUG=1",
					"$(inherited)",
				);
				GCC_SYMBOLS_PRIVATE_EXTERN = NO;
				GCC_WARN_ABOUT_RETURN_TYPE = YES;
				GCC_WARN_UNINITIALIZED_AUTOS = YES;
				GCC_WARN_UNUSED_VARIABLE = YES;
				IPHONEOS_DEPLOYMENT_TARGET = 6.1;
				ONLY_ACTIVE_ARCH = YES;
				SDKROOT = iphoneos;
			};
			name = Debug;
		};
		575E669D17B46194008990C3 /* Release */ = {
			isa = XCBuildConfiguration;
			buildSettings = {
				ALWAYS_SEARCH_USER_PATHS = NO;
				CLANG_CXX_LANGUAGE_STANDARD = "gnu++0x";
				CLANG_CXX_LIBRARY = "libc++";
				CLANG_ENABLE_OBJC_ARC = YES;
				CLANG_WARN_CONSTANT_CONVERSION = YES;
				CLANG_WARN_EMPTY_BODY = YES;
				CLANG_WARN_ENUM_CONVERSION = YES;
				CLANG_WARN_INT_CONVERSION = YES;
				CLANG_WARN__DUPLICATE_METHOD_MATCH = YES;
				"CODE_SIGN_IDENTITY[sdk=iphoneos*]" = "iPhone Developer";
				COPY_PHASE_STRIP = YES;
				GCC_C_LANGUAGE_STANDARD = gnu99;
				GCC_WARN_ABOUT_RETURN_TYPE = YES;
				GCC_WARN_UNINITIALIZED_AUTOS = YES;
				GCC_WARN_UNUSED_VARIABLE = YES;
				IPHONEOS_DEPLOYMENT_TARGET = 6.1;
				OTHER_CFLAGS = "-DNS_BLOCK_ASSERTIONS=1";
				SDKROOT = iphoneos;
				VALIDATE_PRODUCT = YES;
			};
			name = Release;
		};
		575E669F17B46194008990C3 /* Debug */ = {
			isa = XCBuildConfiguration;
			buildSettings = {
				GCC_PRECOMPILE_PREFIX_HEADER = YES;
				GCC_PREFIX_HEADER = "RandomLunch/RandomLunch-Prefix.pch";
				INFOPLIST_FILE = "RandomLunch/RandomLunch-Info.plist";
				PRODUCT_NAME = "$(TARGET_NAME)";
				WRAPPER_EXTENSION = app;
			};
			name = Debug;
		};
		575E66A017B46194008990C3 /* Release */ = {
			isa = XCBuildConfiguration;
			buildSettings = {
				GCC_PRECOMPILE_PREFIX_HEADER = YES;
				GCC_PREFIX_HEADER = "RandomLunch/RandomLunch-Prefix.pch";
				INFOPLIST_FILE = "RandomLunch/RandomLunch-Info.plist";
				PRODUCT_NAME = "$(TARGET_NAME)";
				WRAPPER_EXTENSION = app;
			};
			name = Release;
		};
/* End XCBuildConfiguration section */

/* Begin XCConfigurationList section */
		575E667C17B46194008990C3 /* Build configuration list for PBXProject "RandomLunch" */ = {
			isa = XCConfigurationList;
			buildConfigurations = (
				575E669C17B46194008990C3 /* Debug */,
				575E669D17B46194008990C3 /* Release */,
			);
			defaultConfigurationIsVisible = 0;
			defaultConfigurationName = Release;
		};
		575E669E17B46194008990C3 /* Build configuration list for PBXNativeTarget "RandomLunch" */ = {
			isa = XCConfigurationList;
			buildConfigurations = (
				575E669F17B46194008990C3 /* Debug */,
				575E66A017B46194008990C3 /* Release */,
			);
			defaultConfigurationIsVisible = 0;
			defaultConfigurationName = Release;
		};
/* End XCConfigurationList section */
	};
	rootObject = 575E667917B46194008990C3 /* Project object */;
}
